{
  "name": "@heymarco/sass-selector",
  "version": "1.0.0",
  "lockfileVersion": 1,
  "requires": true,
  "dependencies": {
    "@heymarco/sass-string": {
      "version": "1.0.1",
      "resolved": "https://registry.npmjs.org/@heymarco/sass-string/-/sass-string-1.0.1.tgz",
      "integrity": "sha512-YH2CTse5Ku9XQC1R0F92FcFVzJLgBX+jQoR0I3/1cO20PCN/0diUeOfFvJDzMoVbnvqjXKmUsoAhHHvrsqYzMw=="
    }
  }
}
